
Microsoft Visual Studio Solution File, Format Version 10.00
# Visual Studio 2008
Project("{8BC9CEB8-8B4A-11D0-8D11-00A0C91BC942}") = "WebBrowser", "WebBrowser\WebBrowser.vcproj", "{C2B4C297-6B61-4C93-9B35-E5790D1A3535}"
EndProject
Project("{8BC9CEB8-8B4A-11D0-8D11-00A0C91BC942}") = "MyWebBrowser", "MyWebBrowser\MyWebBrowser.vcproj", "{CCEBCAD4-39F8-4699-8354-29CB8965F0DE}"
EndProject
Global
	GlobalSection(SolutionConfigurationPlatforms) = preSolution
		Debug|Win32 = Debug|Win32
		Release|Win32 = Release|Win32
	EndGlobalSection
	GlobalSection(ProjectConfigurationPlatforms) = postSolution
		{C2B4C297-6B61-4C93-9B35-E5790D1A3535}.Debug|Win32.ActiveCfg = Debug|Win32
		{C2B4C297-6B61-4C93-9B35-E5790D1A3535}.Debug|Win32.Build.0 = Debug|Win32
		{C2B4C297-6B61-4C93-9B35-E5790D1A3535}.Release|Win32.ActiveCfg = Release|Win32
		{C2B4C297-6B61-4C93-9B35-E5790D1A3535}.Release|Win32.Build.0 = Release|Win32
		{CCEBCAD4-39F8-4699-8354-29CB8965F0DE}.Debug|Win32.ActiveCfg = Debug|Win32
		{CCEBCAD4-39F8-4699-8354-29CB8965F0DE}.Debug|Win32.Build.0 = Debug|Win32
		{CCEBCAD4-39F8-4699-8354-29CB8965F0DE}.Release|Win32.ActiveCfg = Release|Win32
		{CCEBCAD4-39F8-4699-8354-29CB8965F0DE}.Release|Win32.Build.0 = Release|Win32
	EndGlobalSection
	GlobalSection(SolutionProperties) = preSolution
		HideSolutionNode = FALSE
	EndGlobalSection
EndGlobal
