
Microsoft Visual Studio Solution File, Format Version 10.00
# Visual Studio 2008
Project("{8BC9CEB8-8B4A-11D0-8D11-00A0C91BC942}") = "FileAuthentication", "FileAuthentication\FileAuthentication.vcproj", "{69763DF8-F371-4144-9EBB-63862D823970}"
EndProject
Project("{8BC9CEB8-8B4A-11D0-8D11-00A0C91BC942}") = "FileSignatureGenerating", "FileSignatureGenerating\FileSignatureGenerating.vcproj", "{2AE4249A-5ADD-47C7-B381-58BEC817266A}"
EndProject
Project("{8BC9CEB8-8B4A-11D0-8D11-00A0C91BC942}") = "FlashLoadingDemo", "FlashLoadingDemo\FlashLoadingDemo.vcproj", "{A2EC2DCB-D6EF-4AA5-978C-EEE61C3B9E9E}"
EndProject
Global
	GlobalSection(SolutionConfigurationPlatforms) = preSolution
		Debug|Win32 = Debug|Win32
		Release|Win32 = Release|Win32
	EndGlobalSection
	GlobalSection(ProjectConfigurationPlatforms) = postSolution
		{69763DF8-F371-4144-9EBB-63862D823970}.Debug|Win32.ActiveCfg = Debug|Win32
		{69763DF8-F371-4144-9EBB-63862D823970}.Debug|Win32.Build.0 = Debug|Win32
		{69763DF8-F371-4144-9EBB-63862D823970}.Release|Win32.ActiveCfg = Release|Win32
		{69763DF8-F371-4144-9EBB-63862D823970}.Release|Win32.Build.0 = Release|Win32
		{2AE4249A-5ADD-47C7-B381-58BEC817266A}.Debug|Win32.ActiveCfg = Debug|Win32
		{2AE4249A-5ADD-47C7-B381-58BEC817266A}.Debug|Win32.Build.0 = Debug|Win32
		{2AE4249A-5ADD-47C7-B381-58BEC817266A}.Release|Win32.ActiveCfg = Release|Win32
		{2AE4249A-5ADD-47C7-B381-58BEC817266A}.Release|Win32.Build.0 = Release|Win32
		{A2EC2DCB-D6EF-4AA5-978C-EEE61C3B9E9E}.Debug|Win32.ActiveCfg = Debug|Win32
		{A2EC2DCB-D6EF-4AA5-978C-EEE61C3B9E9E}.Debug|Win32.Build.0 = Debug|Win32
		{A2EC2DCB-D6EF-4AA5-978C-EEE61C3B9E9E}.Release|Win32.ActiveCfg = Release|Win32
		{A2EC2DCB-D6EF-4AA5-978C-EEE61C3B9E9E}.Release|Win32.Build.0 = Release|Win32
	EndGlobalSection
	GlobalSection(SolutionProperties) = preSolution
		HideSolutionNode = FALSE
	EndGlobalSection
EndGlobal
