
Microsoft Visual Studio Solution File, Format Version 10.00
# Visual Studio 2008
Project("{8BC9CEB8-8B4A-11D0-8D11-00A0C91BC942}") = "RemoveFile", "RemoveFile\RemoveFile.vcproj", "{76F6CD8C-E50A-4848-9D6F-61875459E000}"
EndProject
Global
	GlobalSection(SolutionConfigurationPlatforms) = preSolution
		Debug|Win32 = Debug|Win32
		Release|Win32 = Release|Win32
	EndGlobalSection
	GlobalSection(ProjectConfigurationPlatforms) = postSolution
		{76F6CD8C-E50A-4848-9D6F-61875459E000}.Debug|Win32.ActiveCfg = Debug|Win32
		{76F6CD8C-E50A-4848-9D6F-61875459E000}.Debug|Win32.Build.0 = Debug|Win32
		{76F6CD8C-E50A-4848-9D6F-61875459E000}.Release|Win32.ActiveCfg = Release|Win32
		{76F6CD8C-E50A-4848-9D6F-61875459E000}.Release|Win32.Build.0 = Release|Win32
	EndGlobalSection
	GlobalSection(SolutionProperties) = preSolution
		HideSolutionNode = FALSE
	EndGlobalSection
EndGlobal
